github.com/chainreactors/files v0.0.0-20230731174853-acee21c8c45a h1:NdYhUYzzqyfp15Qj1ONAPV+fcymCQ/XJ509Ia2iyzvk=
github.com/chainreactors/files v0.0.0-20230731174853-acee21c8c45a/go.mod h1:/Xa9YXhjBlaC33JTD6ZTJFig6pcplak2IDcovf42/6A=
github.com/chainreactors/files v0.0.0-20231102192550-a652458cee26 h1:p+RrnAjk2EsjTDLJ46Gwy4P1qRPX3VWHIBAgBrEwz8E=
github.com/chainreactors/files v0.0.0-20231102192550-a652458cee26/go.mod h1:/Xa9YXhjBlaC33JTD6ZTJFig6pcplak2IDcovf42/6A=
