github.com/chainreactors/files v0.0.0-20220706081335-415021dcbe95 h1:stCPJ0pUz/HIMoQhxBvzsWANUUoe6YXqzIfjgMIKiG0=
github.com/chainreactors/files v0.0.0-20220706081335-415021dcbe95/go.mod h1:/Xa9YXhjBlaC33JTD6ZTJFig6pcplak2IDcovf42/6A=
github.com/chainreactors/files v0.1.0 h1:bcjRt5AfFl8r8VwPx94US5C1mQaBr7zIphbmXrS24QA=
github.com/chainreactors/files v0.1.0/go.mod h1:/Xa9YXhjBlaC33JTD6ZTJFig6pcplak2IDcovf42/6A=
github.com/chainreactors/files v0.1.1-0.20220706075105-a81d120fb1c0 h1:6JM4Od7cy7o/dwWZU4ICtazkfwRxuRwqZ3Sq/YlAwDs=
github.com/chainreactors/files v0.1.1-0.20220706075105-a81d120fb1c0/go.mod h1:/Xa9YXhjBlaC33JTD6ZTJFig6pcplak2IDcovf42/6A=
